PODS:
  - Alamofire (4.7.3)
  - ChinaShift (0.1.0)
  - Differentiator (3.1.0)
  - fucking-beijing-bus-api (1.0.4):
    - Alamofire
    - Mappable
  - Mappable (1.3.1)
  - Nimble (7.3.1)
  - Quick (1.3.2)
  - RxCocoa (4.3.1):
    - RxSwift (~> 4.0)
  - RxCoreLocation (1.3.1):
    - RxCoreLocation/Core (= 1.3.1)
  - RxCoreLocation/Core (1.3.1):
    - RxCocoa (~> 4.3.1)
    - RxSwift (~> 4.3.1)
  - RxDataSources (3.1.0):
    - Differentiator (~> 3.0)
    - RxCocoa (~> 4.0)
    - RxSwift (~> 4.0)
  - RxGesture (2.0.1):
    - RxCocoa (~> 4.3.1)
    - RxSwift (~> 4.3.1)
  - RxSwift (4.3.1)
  - SteviaLayout (4.4.0)

DEPENDENCIES:
  - ChinaShift (from `libs/ChinaShift`)
  - fucking-beijing-bus-api (from `https://github.com/leavez/fucking-beijing-bus-api.git`, tag `1.0.4`)
  - Nimble
  - Quick
  - RxCocoa
  - RxCoreLocation
  - RxDataSources
  - RxGesture
  - SteviaLayout

SPEC REPOS:
  https://github.com/cocoapods/specs.git:
    - Alamofire
    - Differentiator
    - Mappable
    - Nimble
    - Quick
    - RxCocoa
    - RxCoreLocation
    - RxDataSources
    - RxGesture
    - RxSwift
    - SteviaLayout

EXTERNAL SOURCES:
  ChinaShift:
    :path: libs/ChinaShift
  fucking-beijing-bus-api:
    :git: https://github.com/leavez/fucking-beijing-bus-api.git
    :tag: 1.0.4

CHECKOUT OPTIONS:
  fucking-beijing-bus-api:
    :git: https://github.com/leavez/fucking-beijing-bus-api.git
    :tag: 1.0.4

SPEC CHECKSUMS:
  Alamofire: c7287b6e5d7da964a70935e5db17046b7fde6568
  ChinaShift: 3f1a223fc34e1b0ecf245ea7f8844010d377cd89
  Differentiator: be49ca3408f0ecfc761e4c7763d20c62be01b9ad
  fucking-beijing-bus-api: bb4f1d2e5f5d9bb2bc7c776b19b8c89ffac31cb0
  Mappable: b623c512eac5f2bbba7968117fbf9550991f8e7c
  Nimble: 04f732da099ea4d153122aec8c2a88fd0c7219ae
  Quick: 2623cb30d7a7f41ca62f684f679586558f483d46
  RxCocoa: 78763c7b07d02455598d9fc3c1ad091a28b73635
  RxCoreLocation: e8d0b77260e3c82186f897fe2dee6547af9fbc5d
  RxDataSources: a843bad90c29817f5923ec8163f4af2de084ceb3
  RxGesture: 26ede4ed13ffc6336d29dbd9a8dff229bdb72de7
  RxSwift: fe0fd770a43acdb7d0a53da411c9b892e69bb6e4
  SteviaLayout: dd74d1abd127bbf0ce346ac9430441684fe427d0

PODFILE CHECKSUM: 03227d8773cadc48c347555e46279ad9ecb55aaf

COCOAPODS: 1.5.3
