// !$*UTF8*$!
{
	archiveVersion = 1;
	classes = {
	};
	objectVersion = 50;
	objects = {

/* Begin PBXBuildFile section */
		3E4991502180C58F00BFFBCB /* AppDelegate.swift in Sources */ = {isa = PBXBuildFile; fileRef = 3E49914F2180C58F00BFFBCB /* AppDelegate.swift */; };
		3E4991522180C58F00BFFBCB /* CardListViewController.swift in Sources */ = {isa = PBXBuildFile; fileRef = 3E4991512180C58F00BFFBCB /* CardListViewController.swift */; };
		3E4991552180C58F00BFFBCB /* Main.storyboard in Resources */ = {isa = PBXBuildFile; fileRef = 3E4991532180C58F00BFFBCB /* Main.storyboard */; };
		3E4991572180C59100BFFBCB /* Assets.xcassets in Resources */ = {isa = PBXBuildFile; fileRef = 3E4991562180C59100BFFBCB /* Assets.xcassets */; };
		3E49915A2180C59100BFFBCB /* LaunchScreen.storyboard in Resources */ = {isa = PBXBuildFile; fileRef = 3E4991582180C59100BFFBCB /* LaunchScreen.storyboard */; };
		3E4991652180C59100BFFBCB /* NoBusTests.swift in Sources */ = {isa = PBXBuildFile; fileRef = 3E4991642180C59100BFFBCB /* NoBusTests.swift */; };
		3E4991732180CA1800BFFBCB /* Stations.swift in Sources */ = {isa = PBXBuildFile; fileRef = 3E4991722180CA1800BFFBCB /* Stations.swift */; };
		3E49917C2180DB1700BFFBCB /* SpotsManagerTests.swift in Sources */ = {isa = PBXBuildFile; fileRef = 3E49917B2180DB1700BFFBCB /* SpotsManagerTests.swift */; };
		3E49917F2180E84100BFFBCB /* API+extension.swift in Sources */ = {isa = PBXBuildFile; fileRef = 3E49917E2180E84100BFFBCB /* API+extension.swift */; };
		3E4991832182361300BFFBCB /* DataFetcher.swift in Sources */ = {isa = PBXBuildFile; fileRef = 3E4991822182361300BFFBCB /* DataFetcher.swift */; };
		3E4991872184C56800BFFBCB /* MainListViewModel.swift in Sources */ = {isa = PBXBuildFile; fileRef = 3E4991862184C56800BFFBCB /* MainListViewModel.swift */; };
		3E7E6544218566BA00997D9F /* StationCardCell.swift in Sources */ = {isa = PBXBuildFile; fileRef = 3E7E6543218566BA00997D9F /* StationCardCell.swift */; };
		3ECAAD0C2199D90100FD6362 /* ItemViewModel.swift in Sources */ = {isa = PBXBuildFile; fileRef = 3ECAAD0B2199D90100FD6362 /* ItemViewModel.swift */; };
		3ECAAD0F2199EE4700FD6362 /* Time.swift in Sources */ = {isa = PBXBuildFile; fileRef = 3ECAAD0E2199EE4700FD6362 /* Time.swift */; };
		3ECAAD112199EF7200FD6362 /* Date+extension.swift in Sources */ = {isa = PBXBuildFile; fileRef = 3ECAAD102199EF7200FD6362 /* Date+extension.swift */; };
		3ECAAD1B219B2E2D00FD6362 /* SearchViewController.swift in Sources */ = {isa = PBXBuildFile; fileRef = 3ECAAD1A219B2E2D00FD6362 /* SearchViewController.swift */; };
		3ECAAD1D219B2E3A00FD6362 /* SearchViewModel.swift in Sources */ = {isa = PBXBuildFile; fileRef = 3ECAAD1C219B2E3A00FD6362 /* SearchViewModel.swift */; };
		3ECAAD1F219B313A00FD6362 /* MarginHelper.swift in Sources */ = {isa = PBXBuildFile; fileRef = 3ECAAD1E219B313A00FD6362 /* MarginHelper.swift */; };
		3ECAAD21219B3B3600FD6362 /* StationSearchManager.swift in Sources */ = {isa = PBXBuildFile; fileRef = 3ECAAD20219B3B3600FD6362 /* StationSearchManager.swift */; };
		412C516221AA6C6C00F6CABC /* UIColor+Extension.swift in Sources */ = {isa = PBXBuildFile; fileRef = 412C516121AA6C6C00F6CABC /* UIColor+Extension.swift */; };
		412C516421AA6CFF00F6CABC /* ColorTable.swift in Sources */ = {isa = PBXBuildFile; fileRef = 412C516321AA6CFF00F6CABC /* ColorTable.swift */; };
		4131F496219C5184000D5455 /* String+extension.swift in Sources */ = {isa = PBXBuildFile; fileRef = 4131F495219C5184000D5455 /* String+extension.swift */; };
		41462577219D6896003385F7 /* BigCloseButton.swift in Sources */ = {isa = PBXBuildFile; fileRef = 41462576219D6896003385F7 /* BigCloseButton.swift */; };
		41462579219D6CA6003385F7 /* StationsManager.swift in Sources */ = {isa = PBXBuildFile; fileRef = 41462578219D6CA6003385F7 /* StationsManager.swift */; };
		4146257B219D7613003385F7 /* StationManagerSpecs.swift in Sources */ = {isa = PBXBuildFile; fileRef = 4146257A219D7613003385F7 /* StationManagerSpecs.swift */; };
		416BDC84219F38F4000898C8 /* ManageViewController.swift in Sources */ = {isa = PBXBuildFile; fileRef = 416BDC82219F38F3000898C8 /* ManageViewController.swift */; };
		416BDC85219F38F4000898C8 /* ManageViewModel.swift in Sources */ = {isa = PBXBuildFile; fileRef = 416BDC83219F38F4000898C8 /* ManageViewModel.swift */; };
		B01468222D1F2EAEB987525B /* Pods_NoBus.framework in Frameworks */ = {isa = PBXBuildFile; fileRef = 5D62448C90238E15EDC35344 /* Pods_NoBus.framework */; };
		DCE94FB5B540FABDBE774A87 /* Pods_NoBusTests.framework in Frameworks */ = {isa = PBXBuildFile; fileRef = 78A07FE0E3874402CD0C6914 /* Pods_NoBusTests.framework */; };
/* End PBXBuildFile section */

/* Begin PBXContainerItemProxy section */
		3E4991612180C59100BFFBCB /* PBXContainerItemProxy */ = {
			isa = PBXContainerItemProxy;
			containerPortal = 3E4991442180C58F00BFFBCB /* Project object */;
			proxyType = 1;
			remoteGlobalIDString = 3E49914B2180C58F00BFFBCB;
			remoteInfo = NoBus;
		};
/* End PBXContainerItemProxy section */

/* Begin PBXFileReference section */
		3E49914C2180C58F00BFFBCB /* NoBus.app */ = {isa = PBXFileReference; explicitFileType = wrapper.application; includeInIndex = 0; path = NoBus.app; sourceTree = BUILT_PRODUCTS_DIR; };
		3E49914F2180C58F00BFFBCB /* AppDelegate.swift */ = {isa = PBXFileReference; lastKnownFileType = sourcecode.swift; path = AppDelegate.swift; sourceTree = "<group>"; };
		3E4991512180C58F00BFFBCB /* CardListViewController.swift */ = {isa = PBXFileReference; lastKnownFileType = sourcecode.swift; path = CardListViewController.swift; sourceTree = "<group>"; };
		3E4991542180C58F00BFFBCB /* Base */ = {isa = PBXFileReference; lastKnownFileType = file.storyboard; name = Base; path = Base.lproj/Main.storyboard; sourceTree = "<group>"; };
		3E4991562180C59100BFFBCB /* Assets.xcassets */ = {isa = PBXFileReference; lastKnownFileType = folder.assetcatalog; path = Assets.xcassets; sourceTree = "<group>"; };
		3E4991592180C59100BFFBCB /* Base */ = {isa = PBXFileReference; lastKnownFileType = file.storyboard; name = Base; path = Base.lproj/LaunchScreen.storyboard; sourceTree = "<group>"; };
		3E49915B2180C59100BFFBCB /* Info.plist */ = {isa = PBXFileReference; lastKnownFileType = text.plist.xml; path = Info.plist; sourceTree = "<group>"; };
		3E4991602180C59100BFFBCB /* NoBusTests.xctest */ = {isa = PBXFileReference; explicitFileType = wrapper.cfbundle; includeInIndex = 0; path = NoBusTests.xctest; sourceTree = BUILT_PRODUCTS_DIR; };
		3E4991642180C59100BFFBCB /* NoBusTests.swift */ = {isa = PBXFileReference; lastKnownFileType = sourcecode.swift; path = NoBusTests.swift; sourceTree = "<group>"; };
		3E4991662180C59100BFFBCB /* Info.plist */ = {isa = PBXFileReference; lastKnownFileType = text.plist.xml; path = Info.plist; sourceTree = "<group>"; };
		3E4991722180CA1800BFFBCB /* Stations.swift */ = {isa = PBXFileReference; lastKnownFileType = sourcecode.swift; path = Stations.swift; sourceTree = "<group>"; };
		3E49917B2180DB1700BFFBCB /* SpotsManagerTests.swift */ = {isa = PBXFileReference; lastKnownFileType = sourcecode.swift; path = SpotsManagerTests.swift; sourceTree = "<group>"; };
		3E49917E2180E84100BFFBCB /* API+extension.swift */ = {isa = PBXFileReference; lastKnownFileType = sourcecode.swift; name = "API+extension.swift"; path = "NoBus/Assets.xcassets/API+extension.swift"; sourceTree = SOURCE_ROOT; };
		3E4991822182361300BFFBCB /* DataFetcher.swift */ = {isa = PBXFileReference; fileEncoding = 4; lastKnownFileType = sourcecode.swift; path = DataFetcher.swift; sourceTree = "<group>"; };
		3E4991862184C56800BFFBCB /* MainListViewModel.swift */ = {isa = PBXFileReference; lastKnownFileType = sourcecode.swift; path = MainListViewModel.swift; sourceTree = "<group>"; };
		3E7E6543218566BA00997D9F /* StationCardCell.swift */ = {isa = PBXFileReference; lastKnownFileType = sourcecode.swift; path = StationCardCell.swift; sourceTree = "<group>"; };
		3ECAAD0B2199D90100FD6362 /* ItemViewModel.swift */ = {isa = PBXFileReference; lastKnownFileType = sourcecode.swift; path = ItemViewModel.swift; sourceTree = "<group>"; };
		3ECAAD0E2199EE4700FD6362 /* Time.swift */ = {isa = PBXFileReference; lastKnownFileType = sourcecode.swift; path = Time.swift; sourceTree = "<group>"; };
		3ECAAD102199EF7200FD6362 /* Date+extension.swift */ = {isa = PBXFileReference; lastKnownFileType = sourcecode.swift; path = "Date+extension.swift"; sourceTree = "<group>"; };
		3ECAAD1A219B2E2D00FD6362 /* SearchViewController.swift */ = {isa = PBXFileReference; lastKnownFileType = sourcecode.swift; path = SearchViewController.swift; sourceTree = "<group>"; };
		3ECAAD1C219B2E3A00FD6362 /* SearchViewModel.swift */ = {isa = PBXFileReference; lastKnownFileType = sourcecode.swift; path = SearchViewModel.swift; sourceTree = "<group>"; };
		3ECAAD1E219B313A00FD6362 /* MarginHelper.swift */ = {isa = PBXFileReference; lastKnownFileType = sourcecode.swift; path = MarginHelper.swift; sourceTree = "<group>"; };
		3ECAAD20219B3B3600FD6362 /* StationSearchManager.swift */ = {isa = PBXFileReference; lastKnownFileType = sourcecode.swift; path = StationSearchManager.swift; sourceTree = "<group>"; };
		412C516121AA6C6C00F6CABC /* UIColor+Extension.swift */ = {isa = PBXFileReference; lastKnownFileType = sourcecode.swift; path = "UIColor+Extension.swift"; sourceTree = "<group>"; };
		412C516321AA6CFF00F6CABC /* ColorTable.swift */ = {isa = PBXFileReference; lastKnownFileType = sourcecode.swift; path = ColorTable.swift; sourceTree = "<group>"; };
		4131F495219C5184000D5455 /* String+extension.swift */ = {isa = PBXFileReference; lastKnownFileType = sourcecode.swift; path = "String+extension.swift"; sourceTree = "<group>"; };
		41462576219D6896003385F7 /* BigCloseButton.swift */ = {isa = PBXFileReference; lastKnownFileType = sourcecode.swift; path = BigCloseButton.swift; sourceTree = "<group>"; };
		41462578219D6CA6003385F7 /* StationsManager.swift */ = {isa = PBXFileReference; lastKnownFileType = sourcecode.swift; path = StationsManager.swift; sourceTree = "<group>"; };
		4146257A219D7613003385F7 /* StationManagerSpecs.swift */ = {isa = PBXFileReference; lastKnownFileType = sourcecode.swift; path = StationManagerSpecs.swift; sourceTree = "<group>"; };
		416BDC82219F38F3000898C8 /* ManageViewController.swift */ = {isa = PBXFileReference; fileEncoding = 4; lastKnownFileType = sourcecode.swift; path = ManageViewController.swift; sourceTree = "<group>"; };
		416BDC83219F38F4000898C8 /* ManageViewModel.swift */ = {isa = PBXFileReference; fileEncoding = 4; lastKnownFileType = sourcecode.swift; path = ManageViewModel.swift; sourceTree = "<group>"; };
		4BB21AECB7F1C8F70BC8D593 /* Pods-NoBus.debug.xcconfig */ = {isa = PBXFileReference; includeInIndex = 1; lastKnownFileType = text.xcconfig; name = "Pods-NoBus.debug.xcconfig"; path = "Pods/Target Support Files/Pods-NoBus/Pods-NoBus.debug.xcconfig"; sourceTree = "<group>"; };
		50C3B2BAE3D04E92D819D8A1 /* Pods-NoBusTests.release.xcconfig */ = {isa = PBXFileReference; includeInIndex = 1; lastKnownFileType = text.xcconfig; name = "Pods-NoBusTests.release.xcconfig"; path = "Pods/Target Support Files/Pods-NoBusTests/Pods-NoBusTests.release.xcconfig"; sourceTree = "<group>"; };
		5D62448C90238E15EDC35344 /* Pods_NoBus.framework */ = {isa = PBXFileReference; explicitFileType = wrapper.framework; includeInIndex = 0; path = Pods_NoBus.framework; sourceTree = BUILT_PRODUCTS_DIR; };
		78A07FE0E3874402CD0C6914 /* Pods_NoBusTests.framework */ = {isa = PBXFileReference; explicitFileType = wrapper.framework; includeInIndex = 0; path = Pods_NoBusTests.framework; sourceTree = BUILT_PRODUCTS_DIR; };
		A54819C125C19FE8052303AF /* Pods-NoBus.release.xcconfig */ = {isa = PBXFileReference; includeInIndex = 1; lastKnownFileType = text.xcconfig; name = "Pods-NoBus.release.xcconfig"; path = "Pods/Target Support Files/Pods-NoBus/Pods-NoBus.release.xcconfig"; sourceTree = "<group>"; };
		E3CE97F6CA4FBE8F7F197D27 /* Pods-NoBusTests.debug.xcconfig */ = {isa = PBXFileReference; includeInIndex = 1; lastKnownFileType = text.xcconfig; name = "Pods-NoBusTests.debug.xcconfig"; path = "Pods/Target Support Files/Pods-NoBusTests/Pods-NoBusTests.debug.xcconfig"; sourceTree = "<group>"; };
/* End PBXFileReference section */

/* Begin PBXFrameworksBuildPhase section */
		3E4991492180C58F00BFFBCB /* Frameworks */ = {
			isa = PBXFrameworksBuildPhase;
			buildActionMask = 2147483647;
			files = (
				B01468222D1F2EAEB987525B /* Pods_NoBus.framework in Frameworks */,
			);
			runOnlyForDeploymentPostprocessing = 0;
		};
		3E49915D2180C59100BFFBCB /* Frameworks */ = {
			isa = PBXFrameworksBuildPhase;
			buildActionMask = 2147483647;
			files = (
				DCE94FB5B540FABDBE774A87 /* Pods_NoBusTests.framework in Frameworks */,
			);
			runOnlyForDeploymentPostprocessing = 0;
		};
/* End PBXFrameworksBuildPhase section */

/* Begin PBXGroup section */
		3E4991432180C58F00BFFBCB = {
			isa = PBXGroup;
			children = (
				3E49914E2180C58F00BFFBCB /* NoBus */,
				3E4991632180C59100BFFBCB /* NoBusTests */,
				3E49914D2180C58F00BFFBCB /* Products */,
				96B86F7AB44327F57E62B5B3 /* Pods */,
				E39933FC77A02C152D4E9054 /* Frameworks */,
			);
			sourceTree = "<group>";
		};
		3E49914D2180C58F00BFFBCB /* Products */ = {
			isa = PBXGroup;
			children = (
				3E49914C2180C58F00BFFBCB /* NoBus.app */,
				3E4991602180C59100BFFBCB /* NoBusTests.xctest */,
			);
			name = Products;
			sourceTree = "<group>";
		};
		3E49914E2180C58F00BFFBCB /* NoBus */ = {
			isa = PBXGroup;
			children = (
				3E49914F2180C58F00BFFBCB /* AppDelegate.swift */,
				3ECAAD13219B2C5E00FD6362 /* Modules */,
				3E49916F2180C9DC00BFFBCB /* Model */,
				3E4991842182361D00BFFBCB /* Manager */,
				41462575219D6863003385F7 /* Views */,
				3E49917D2180E82F00BFFBCB /* Others */,
				3E4991532180C58F00BFFBCB /* Main.storyboard */,
				3E4991562180C59100BFFBCB /* Assets.xcassets */,
				3E4991582180C59100BFFBCB /* LaunchScreen.storyboard */,
				3E49915B2180C59100BFFBCB /* Info.plist */,
			);
			path = NoBus;
			sourceTree = "<group>";
		};
		3E4991632180C59100BFFBCB /* NoBusTests */ = {
			isa = PBXGroup;
			children = (
				3E4991642180C59100BFFBCB /* NoBusTests.swift */,
				3E49917B2180DB1700BFFBCB /* SpotsManagerTests.swift */,
				4146257A219D7613003385F7 /* StationManagerSpecs.swift */,
				3E4991662180C59100BFFBCB /* Info.plist */,
			);
			path = NoBusTests;
			sourceTree = "<group>";
		};
		3E49916F2180C9DC00BFFBCB /* Model */ = {
			isa = PBXGroup;
			children = (
				3E4991722180CA1800BFFBCB /* Stations.swift */,
			);
			path = Model;
			sourceTree = "<group>";
		};
		3E49917D2180E82F00BFFBCB /* Others */ = {
			isa = PBXGroup;
			children = (
				3ECAAD0D2199EE3200FD6362 /* Utility */,
				3E49917E2180E84100BFFBCB /* API+extension.swift */,
				3ECAAD1E219B313A00FD6362 /* MarginHelper.swift */,
				412C516321AA6CFF00F6CABC /* ColorTable.swift */,
			);
			path = Others;
			sourceTree = "<group>";
		};
		3E4991842182361D00BFFBCB /* Manager */ = {
			isa = PBXGroup;
			children = (
				3E4991822182361300BFFBCB /* DataFetcher.swift */,
				3ECAAD20219B3B3600FD6362 /* StationSearchManager.swift */,
				41462578219D6CA6003385F7 /* StationsManager.swift */,
			);
			path = Manager;
			sourceTree = "<group>";
		};
		3ECAAD0D2199EE3200FD6362 /* Utility */ = {
			isa = PBXGroup;
			children = (
				3ECAAD0E2199EE4700FD6362 /* Time.swift */,
				3ECAAD102199EF7200FD6362 /* Date+extension.swift */,
				4131F495219C5184000D5455 /* String+extension.swift */,
				412C516121AA6C6C00F6CABC /* UIColor+Extension.swift */,
			);
			path = Utility;
			sourceTree = "<group>";
		};
		3ECAAD13219B2C5E00FD6362 /* Modules */ = {
			isa = PBXGroup;
			children = (
				3ECAAD15219B2D8800FD6362 /* Input */,
				3ECAAD14219B2C6D00FD6362 /* CardList */,
			);
			path = Modules;
			sourceTree = "<group>";
		};
		3ECAAD14219B2C6D00FD6362 /* CardList */ = {
			isa = PBXGroup;
			children = (
				3E4991512180C58F00BFFBCB /* CardListViewController.swift */,
				3E4991862184C56800BFFBCB /* MainListViewModel.swift */,
				3ECAAD0B2199D90100FD6362 /* ItemViewModel.swift */,
				3E7E6543218566BA00997D9F /* StationCardCell.swift */,
			);
			path = CardList;
			sourceTree = "<group>";
		};
		3ECAAD15219B2D8800FD6362 /* Input */ = {
			isa = PBXGroup;
			children = (
				416BDC82219F38F3000898C8 /* ManageViewController.swift */,
				416BDC83219F38F4000898C8 /* ManageViewModel.swift */,
				3ECAAD1A219B2E2D00FD6362 /* SearchViewController.swift */,
				3ECAAD1C219B2E3A00FD6362 /* SearchViewModel.swift */,
			);
			path = Input;
			sourceTree = "<group>";
		};
		41462575219D6863003385F7 /* Views */ = {
			isa = PBXGroup;
			children = (
				41462576219D6896003385F7 /* BigCloseButton.swift */,
			);
			path = Views;
			sourceTree = "<group>";
		};
		96B86F7AB44327F57E62B5B3 /* Pods */ = {
			isa = PBXGroup;
			children = (
				4BB21AECB7F1C8F70BC8D593 /* Pods-NoBus.debug.xcconfig */,
				A54819C125C19FE8052303AF /* Pods-NoBus.release.xcconfig */,
				E3CE97F6CA4FBE8F7F197D27 /* Pods-NoBusTests.debug.xcconfig */,
				50C3B2BAE3D04E92D819D8A1 /* Pods-NoBusTests.release.xcconfig */,
			);
			name = Pods;
			sourceTree = "<group>";
		};
		E39933FC77A02C152D4E9054 /* Frameworks */ = {
			isa = PBXGroup;
			children = (
				5D62448C90238E15EDC35344 /* Pods_NoBus.framework */,
				78A07FE0E3874402CD0C6914 /* Pods_NoBusTests.framework */,
			);
			name = Frameworks;
			sourceTree = "<group>";
		};
/* End PBXGroup section */

/* Begin PBXNativeTarget section */
		3E49914B2180C58F00BFFBCB /* NoBus */ = {
			isa = PBXNativeTarget;
			buildConfigurationList = 3E4991692180C59100BFFBCB /* Build configuration list for PBXNativeTarget "NoBus" */;
			buildPhases = (
				E464C60B9C57693A5CA4251B /* [CP] Check Pods Manifest.lock */,
				3E4991482180C58F00BFFBCB /* Sources */,
				3E4991492180C58F00BFFBCB /* Frameworks */,
				3E49914A2180C58F00BFFBCB /* Resources */,
				D49EEA8A0A3C65357DC0303C /* [CP] Embed Pods Frameworks */,
			);
			buildRules = (
			);
			dependencies = (
			);
			name = NoBus;
			productName = NoBus;
			productReference = 3E49914C2180C58F00BFFBCB /* NoBus.app */;
			productType = "com.apple.product-type.application";
		};
		3E49915F2180C59100BFFBCB /* NoBusTests */ = {
			isa = PBXNativeTarget;
			buildConfigurationList = 3E49916C2180C59100BFFBCB /* Build configuration list for PBXNativeTarget "NoBusTests" */;
			buildPhases = (
				193A6642B0C11CAF6DBE645D /* [CP] Check Pods Manifest.lock */,
				3E49915C2180C59100BFFBCB /* Sources */,
				3E49915D2180C59100BFFBCB /* Frameworks */,
				3E49915E2180C59100BFFBCB /* Resources */,
				0DBEFA74A168F5B078D7E2BE /* [CP] Embed Pods Frameworks */,
			);
			buildRules = (
			);
			dependencies = (
				3E4991622180C59100BFFBCB /* PBXTargetDependency */,
			);
			name = NoBusTests;
			productName = NoBusTests;
			productReference = 3E4991602180C59100BFFBCB /* NoBusTests.xctest */;
			productType = "com.apple.product-type.bundle.unit-test";
		};
/* End PBXNativeTarget section */

/* Begin PBXProject section */
		3E4991442180C58F00BFFBCB /* Project object */ = {
			isa = PBXProject;
			attributes = {
				LastSwiftUpdateCheck = 1000;
				LastUpgradeCheck = 1000;
				ORGANIZATIONNAME = me.leavez;
				TargetAttributes = {
					3E49914B2180C58F00BFFBCB = {
						CreatedOnToolsVersion = 10.0;
					};
					3E49915F2180C59100BFFBCB = {
						CreatedOnToolsVersion = 10.0;
						TestTargetID = 3E49914B2180C58F00BFFBCB;
					};
				};
			};
			buildConfigurationList = 3E4991472180C58F00BFFBCB /* Build configuration list for PBXProject "NoBus" */;
			compatibilityVersion = "Xcode 9.3";
			developmentRegion = en;
			hasScannedForEncodings = 0;
			knownRegions = (
				en,
				Base,
			);
			mainGroup = 3E4991432180C58F00BFFBCB;
			productRefGroup = 3E49914D2180C58F00BFFBCB /* Products */;
			projectDirPath = "";
			projectRoot = "";
			targets = (
				3E49914B2180C58F00BFFBCB /* NoBus */,
				3E49915F2180C59100BFFBCB /* NoBusTests */,
			);
		};
/* End PBXProject section */

/* Begin PBXResourcesBuildPhase section */
		3E49914A2180C58F00BFFBCB /* Resources */ = {
			isa = PBXResourcesBuildPhase;
			buildActionMask = 2147483647;
			files = (
				3E49915A2180C59100BFFBCB /* LaunchScreen.storyboard in Resources */,
				3E4991572180C59100BFFBCB /* Assets.xcassets in Resources */,
				3E4991552180C58F00BFFBCB /* Main.storyboard in Resources */,
			);
			runOnlyForDeploymentPostprocessing = 0;
		};
		3E49915E2180C59100BFFBCB /* Resources */ = {
			isa = PBXResourcesBuildPhase;
			buildActionMask = 2147483647;
			files = (
			);
			runOnlyForDeploymentPostprocessing = 0;
		};
/* End PBXResourcesBuildPhase section */

/* Begin PBXShellScriptBuildPhase section */
		0DBEFA74A168F5B078D7E2BE /* [CP] Embed Pods Frameworks */ = {
			isa = PBXShellScriptBuildPhase;
			buildActionMask = 2147483647;
			files = (
			);
			inputFileListPaths = (
			);
			inputPaths = (
				"${SRCROOT}/Pods/Target Support Files/Pods-NoBusTests/Pods-NoBusTests-frameworks.sh",
				"${BUILT_PRODUCTS_DIR}/Nimble/Nimble.framework",
				"${BUILT_PRODUCTS_DIR}/Quick/Quick.framework",
			);
			name = "[CP] Embed Pods Frameworks";
			outputFileListPaths = (
			);
			outputPaths = (
				"${TARGET_BUILD_DIR}/${FRAMEWORKS_FOLDER_PATH}/Nimble.framework",
				"${TARGET_BUILD_DIR}/${FRAMEWORKS_FOLDER_PATH}/Quick.framework",
			);
			runOnlyForDeploymentPostprocessing = 0;
			shellPath = /bin/sh;
			shellScript = "\"${SRCROOT}/Pods/Target Support Files/Pods-NoBusTests/Pods-NoBusTests-frameworks.sh\"\n";
			showEnvVarsInLog = 0;
		};
		193A6642B0C11CAF6DBE645D /* [CP] Check Pods Manifest.lock */ = {
			isa = PBXShellScriptBuildPhase;
			buildActionMask = 2147483647;
			files = (
			);
			inputPaths = (
				"${PODS_PODFILE_DIR_PATH}/Podfile.lock",
				"${PODS_ROOT}/Manifest.lock",
			);
			name = "[CP] Check Pods Manifest.lock";
			outputPaths = (
				"$(DERIVED_FILE_DIR)/Pods-NoBusTests-checkManifestLockResult.txt",
			);
			runOnlyForDeploymentPostprocessing = 0;
			shellPath = /bin/sh;
			shellScript = "diff \"${PODS_PODFILE_DIR_PATH}/Podfile.lock\" \"${PODS_ROOT}/Manifest.lock\" > /dev/null\nif [ $? != 0 ] ; then\n    # print error to STDERR\n    echo \"error: The sandbox is not in sync with the Podfile.lock. Run 'pod install' or update your CocoaPods installation.\" >&2\n    exit 1\nfi\n# This output is used by Xcode 'outputs' to avoid re-running this script phase.\necho \"SUCCESS\" > \"${SCRIPT_OUTPUT_FILE_0}\"\n";
			showEnvVarsInLog = 0;
		};
		D49EEA8A0A3C65357DC0303C /* [CP] Embed Pods Frameworks */ = {
			isa = PBXShellScriptBuildPhase;
			buildActionMask = 2147483647;
			files = (
			);
			inputPaths = (
				"${SRCROOT}/Pods/Target Support Files/Pods-NoBus/Pods-NoBus-frameworks.sh",
				"${BUILT_PRODUCTS_DIR}/Alamofire/Alamofire.framework",
				"${BUILT_PRODUCTS_DIR}/Differentiator/Differentiator.framework",
				"${BUILT_PRODUCTS_DIR}/Mappable/Mappable.framework",
				"${BUILT_PRODUCTS_DIR}/RxCocoa/RxCocoa.framework",
				"${BUILT_PRODUCTS_DIR}/RxDataSources/RxDataSources.framework",
				"${BUILT_PRODUCTS_DIR}/RxGesture/RxGesture.framework",
				"${BUILT_PRODUCTS_DIR}/RxSwift/RxSwift.framework",
				"${BUILT_PRODUCTS_DIR}/SteviaLayout/Stevia.framework",
				"${BUILT_PRODUCTS_DIR}/fucking-beijing-bus-api/fucking_beijing_bus_api.framework",
			);
			name = "[CP] Embed Pods Frameworks";
			outputPaths = (
				"${TARGET_BUILD_DIR}/${FRAMEWORKS_FOLDER_PATH}/Alamofire.framework",
				"${TARGET_BUILD_DIR}/${FRAMEWORKS_FOLDER_PATH}/Differentiator.framework",
				"${TARGET_BUILD_DIR}/${FRAMEWORKS_FOLDER_PATH}/Mappable.framework",
				"${TARGET_BUILD_DIR}/${FRAMEWORKS_FOLDER_PATH}/RxCocoa.framework",
				"${TARGET_BUILD_DIR}/${FRAMEWORKS_FOLDER_PATH}/RxDataSources.framework",
				"${TARGET_BUILD_DIR}/${FRAMEWORKS_FOLDER_PATH}/RxGesture.framework",
				"${TARGET_BUILD_DIR}/${FRAMEWORKS_FOLDER_PATH}/RxSwift.framework",
				"${TARGET_BUILD_DIR}/${FRAMEWORKS_FOLDER_PATH}/Stevia.framework",
				"${TARGET_BUILD_DIR}/${FRAMEWORKS_FOLDER_PATH}/fucking_beijing_bus_api.framework",
			);
			runOnlyForDeploymentPostprocessing = 0;
			shellPath = /bin/sh;
			shellScript = "\"${SRCROOT}/Pods/Target Support Files/Pods-NoBus/Pods-NoBus-frameworks.sh\"\n";
			showEnvVarsInLog = 0;
		};
		E464C60B9C57693A5CA4251B /* [CP] Check Pods Manifest.lock */ = {
			isa = PBXShellScriptBuildPhase;
			buildActionMask = 2147483647;
			files = (
			);
			inputPaths = (
				"${PODS_PODFILE_DIR_PATH}/Podfile.lock",
				"${PODS_ROOT}/Manifest.lock",
			);
			name = "[CP] Check Pods Manifest.lock";
			outputPaths = (
				"$(DERIVED_FILE_DIR)/Pods-NoBus-checkManifestLockResult.txt",
			);
			runOnlyForDeploymentPostprocessing = 0;
			shellPath = /bin/sh;
			shellScript = "diff \"${PODS_PODFILE_DIR_PATH}/Podfile.lock\" \"${PODS_ROOT}/Manifest.lock\" > /dev/null\nif [ $? != 0 ] ; then\n    # print error to STDERR\n    echo \"error: The sandbox is not in sync with the Podfile.lock. Run 'pod install' or update your CocoaPods installation.\" >&2\n    exit 1\nfi\n# This output is used by Xcode 'outputs' to avoid re-running this script phase.\necho \"SUCCESS\" > \"${SCRIPT_OUTPUT_FILE_0}\"\n";
			showEnvVarsInLog = 0;
		};
/* End PBXShellScriptBuildPhase section */

/* Begin PBXSourcesBuildPhase section */
		3E4991482180C58F00BFFBCB /* Sources */ = {
			isa = PBXSourcesBuildPhase;
			buildActionMask = 2147483647;
			files = (
				3E49917F2180E84100BFFBCB /* API+extension.swift in Sources */,
				3ECAAD0C2199D90100FD6362 /* ItemViewModel.swift in Sources */,
				3ECAAD0F2199EE4700FD6362 /* Time.swift in Sources */,
				3E4991522180C58F00BFFBCB /* CardListViewController.swift in Sources */,
				3ECAAD1D219B2E3A00FD6362 /* SearchViewModel.swift in Sources */,
				416BDC84219F38F4000898C8 /* ManageViewController.swift in Sources */,
				4131F496219C5184000D5455 /* String+extension.swift in Sources */,
				41462577219D6896003385F7 /* BigCloseButton.swift in Sources */,
				3E4991872184C56800BFFBCB /* MainListViewModel.swift in Sources */,
				3ECAAD1B219B2E2D00FD6362 /* SearchViewController.swift in Sources */,
				3E7E6544218566BA00997D9F /* StationCardCell.swift in Sources */,
				3ECAAD1F219B313A00FD6362 /* MarginHelper.swift in Sources */,
				416BDC85219F38F4000898C8 /* ManageViewModel.swift in Sources */,
				3ECAAD112199EF7200FD6362 /* Date+extension.swift in Sources */,
				3ECAAD21219B3B3600FD6362 /* StationSearchManager.swift in Sources */,
				41462579219D6CA6003385F7 /* StationsManager.swift in Sources */,
				412C516421AA6CFF00F6CABC /* ColorTable.swift in Sources */,
				3E4991832182361300BFFBCB /* DataFetcher.swift in Sources */,
				3E4991732180CA1800BFFBCB /* Stations.swift in Sources */,
				3E4991502180C58F00BFFBCB /* AppDelegate.swift in Sources */,
				412C516221AA6C6C00F6CABC /* UIColor+Extension.swift in Sources */,
			);
			runOnlyForDeploymentPostprocessing = 0;
		};
		3E49915C2180C59100BFFBCB /* Sources */ = {
			isa = PBXSourcesBuildPhase;
			buildActionMask = 2147483647;
			files = (
				3E4991652180C59100BFFBCB /* NoBusTests.swift in Sources */,
				4146257B219D7613003385F7 /* StationManagerSpecs.swift in Sources */,
				3E49917C2180DB1700BFFBCB /* SpotsManagerTests.swift in Sources */,
			);
			runOnlyForDeploymentPostprocessing = 0;
		};
/* End PBXSourcesBuildPhase section */

/* Begin PBXTargetDependency section */
		3E4991622180C59100BFFBCB /* PBXTargetDependency */ = {
			isa = PBXTargetDependency;
			target = 3E49914B2180C58F00BFFBCB /* NoBus */;
			targetProxy = 3E4991612180C59100BFFBCB /* PBXContainerItemProxy */;
		};
/* End PBXTargetDependency section */

/* Begin PBXVariantGroup section */
		3E4991532180C58F00BFFBCB /* Main.storyboard */ = {
			isa = PBXVariantGroup;
			children = (
				3E4991542180C58F00BFFBCB /* Base */,
			);
			name = Main.storyboard;
			sourceTree = "<group>";
		};
		3E4991582180C59100BFFBCB /* LaunchScreen.storyboard */ = {
			isa = PBXVariantGroup;
			children = (
				3E4991592180C59100BFFBCB /* Base */,
			);
			name = LaunchScreen.storyboard;
			sourceTree = "<group>";
		};
/* End PBXVariantGroup section */

/* Begin XCBuildConfiguration section */
		3E4991672180C59100BFFBCB /* Debug */ = {
			isa = XCBuildConfiguration;
			buildSettings = {
				ALWAYS_SEARCH_USER_PATHS = NO;
				CLANG_ANALYZER_NONNULL = YES;
				CLANG_ANALYZER_NUMBER_OBJECT_CONVERSION = YES_AGGRESSIVE;
				CLANG_CXX_LANGUAGE_STANDARD = "gnu++14";
				CLANG_CXX_LIBRARY = "libc++";
				CLANG_ENABLE_MODULES = YES;
				CLANG_ENABLE_OBJC_ARC = YES;
				CLANG_ENABLE_OBJC_WEAK = YES;
				CLANG_WARN_BLOCK_CAPTURE_AUTORELEASING = YES;
				CLANG_WARN_BOOL_CONVERSION = YES;
				CLANG_WARN_COMMA = YES;
				CLANG_WARN_CONSTANT_CONVERSION = YES;
				CLANG_WARN_DEPRECATED_OBJC_IMPLEMENTATIONS = YES;
				CLANG_WARN_DIRECT_OBJC_ISA_USAGE = YES_ERROR;
				CLANG_WARN_DOCUMENTATION_COMMENTS = YES;
				CLANG_WARN_EMPTY_BODY = YES;
				CLANG_WARN_ENUM_CONVERSION = YES;
				CLANG_WARN_INFINITE_RECURSION = YES;
				CLANG_WARN_INT_CONVERSION = YES;
				CLANG_WARN_NON_LITERAL_NULL_CONVERSION = YES;
				CLANG_WARN_OBJC_IMPLICIT_RETAIN_SELF = YES;
				CLANG_WARN_OBJC_LITERAL_CONVERSION = YES;
				CLANG_WARN_OBJC_ROOT_CLASS = YES_ERROR;
				CLANG_WARN_RANGE_LOOP_ANALYSIS = YES;
				CLANG_WARN_STRICT_PROTOTYPES = YES;
				CLANG_WARN_SUSPICIOUS_MOVE = YES;
				CLANG_WARN_UNGUARDED_AVAILABILITY = YES_AGGRESSIVE;
				CLANG_WARN_UNREACHABLE_CODE = YES;
				CLANG_WARN__DUPLICATE_METHOD_MATCH = YES;
				CODE_SIGN_IDENTITY = "iPhone Developer";
				COPY_PHASE_STRIP = NO;
				DEBUG_INFORMATION_FORMAT = dwarf;
				ENABLE_STRICT_OBJC_MSGSEND = YES;
				ENABLE_TESTABILITY = YES;
				GCC_C_LANGUAGE_STANDARD = gnu11;
				GCC_DYNAMIC_NO_PIC = NO;
				GCC_NO_COMMON_BLOCKS = YES;
				GCC_OPTIMIZATION_LEVEL = 0;
				GCC_PREPROCESSOR_DEFINITIONS = (
					"DEBUG=1",
					"$(inherited)",
				);
				GCC_WARN_64_TO_32_BIT_CONVERSION = YES;
				GCC_WARN_ABOUT_RETURN_TYPE = YES_ERROR;
				GCC_WARN_UNDECLARED_SELECTOR = YES;
				GCC_WARN_UNINITIALIZED_AUTOS = YES_AGGRESSIVE;
				GCC_WARN_UNUSED_FUNCTION = YES;
				GCC_WARN_UNUSED_VARIABLE = YES;
				IPHONEOS_DEPLOYMENT_TARGET = 12.0;
				MTL_ENABLE_DEBUG_INFO = INCLUDE_SOURCE;
				MTL_FAST_MATH = YES;
				ONLY_ACTIVE_ARCH = YES;
				SDKROOT = iphoneos;
				SWIFT_ACTIVE_COMPILATION_CONDITIONS = DEBUG;
				SWIFT_OPTIMIZATION_LEVEL = "-Onone";
			};
			name = Debug;
		};
		3E4991682180C59100BFFBCB /* Release */ = {
			isa = XCBuildConfiguration;
			buildSettings = {
				ALWAYS_SEARCH_USER_PATHS = NO;
				CLANG_ANALYZER_NONNULL = YES;
				CLANG_ANALYZER_NUMBER_OBJECT_CONVERSION = YES_AGGRESSIVE;
				CLANG_CXX_LANGUAGE_STANDARD = "gnu++14";
				CLANG_CXX_LIBRARY = "libc++";
				CLANG_ENABLE_MODULES = YES;
				CLANG_ENABLE_OBJC_ARC = YES;
				CLANG_ENABLE_OBJC_WEAK = YES;
				CLANG_WARN_BLOCK_CAPTURE_AUTORELEASING = YES;
				CLANG_WARN_BOOL_CONVERSION = YES;
				CLANG_WARN_COMMA = YES;
				CLANG_WARN_CONSTANT_CONVERSION = YES;
				CLANG_WARN_DEPRECATED_OBJC_IMPLEMENTATIONS = YES;
				CLANG_WARN_DIRECT_OBJC_ISA_USAGE = YES_ERROR;
				CLANG_WARN_DOCUMENTATION_COMMENTS = YES;
				CLANG_WARN_EMPTY_BODY = YES;
				CLANG_WARN_ENUM_CONVERSION = YES;
				CLANG_WARN_INFINITE_RECURSION = YES;
				CLANG_WARN_INT_CONVERSION = YES;
				CLANG_WARN_NON_LITERAL_NULL_CONVERSION = YES;
				CLANG_WARN_OBJC_IMPLICIT_RETAIN_SELF = YES;
				CLANG_WARN_OBJC_LITERAL_CONVERSION = YES;
				CLANG_WARN_OBJC_ROOT_CLASS = YES_ERROR;
				CLANG_WARN_RANGE_LOOP_ANALYSIS = YES;
				CLANG_WARN_STRICT_PROTOTYPES = YES;
				CLANG_WARN_SUSPICIOUS_MOVE = YES;
				CLANG_WARN_UNGUARDED_AVAILABILITY = YES_AGGRESSIVE;
				CLANG_WARN_UNREACHABLE_CODE = YES;
				CLANG_WARN__DUPLICATE_METHOD_MATCH = YES;
				CODE_SIGN_IDENTITY = "iPhone Developer";
				COPY_PHASE_STRIP = NO;
				DEBUG_INFORMATION_FORMAT = "dwarf-with-dsym";
				ENABLE_NS_ASSERTIONS = NO;
				ENABLE_STRICT_OBJC_MSGSEND = YES;
				GCC_C_LANGUAGE_STANDARD = gnu11;
				GCC_NO_COMMON_BLOCKS = YES;
				GCC_WARN_64_TO_32_BIT_CONVERSION = YES;
				GCC_WARN_ABOUT_RETURN_TYPE = YES_ERROR;
				GCC_WARN_UNDECLARED_SELECTOR = YES;
				GCC_WARN_UNINITIALIZED_AUTOS = YES_AGGRESSIVE;
				GCC_WARN_UNUSED_FUNCTION = YES;
				GCC_WARN_UNUSED_VARIABLE = YES;
				IPHONEOS_DEPLOYMENT_TARGET = 12.0;
				MTL_ENABLE_DEBUG_INFO = NO;
				MTL_FAST_MATH = YES;
				SDKROOT = iphoneos;
				SWIFT_COMPILATION_MODE = wholemodule;
				SWIFT_OPTIMIZATION_LEVEL = "-O";
				VALIDATE_PRODUCT = YES;
			};
			name = Release;
		};
		3E49916A2180C59100BFFBCB /* Debug */ = {
			isa = XCBuildConfiguration;
			baseConfigurationReference = 4BB21AECB7F1C8F70BC8D593 /* Pods-NoBus.debug.xcconfig */;
			buildSettings = {
				ASSETCATALOG_COMPILER_APPICON_NAME = AppIcon;
				CODE_SIGN_STYLE = Automatic;
				DEVELOPMENT_TEAM = BJXMR5U38C;
				INFOPLIST_FILE = NoBus/Info.plist;
				LD_RUNPATH_SEARCH_PATHS = (
					"$(inherited)",
					"@executable_path/Frameworks",
				);
				PRODUCT_BUNDLE_IDENTIFIER = me.leavez.NoBus;
				PRODUCT_NAME = "$(TARGET_NAME)";
				SWIFT_VERSION = 4.2;
				TARGETED_DEVICE_FAMILY = "1,2";
			};
			name = Debug;
		};
		3E49916B2180C59100BFFBCB /* Release */ = {
			isa = XCBuildConfiguration;
			baseConfigurationReference = A54819C125C19FE8052303AF /* Pods-NoBus.release.xcconfig */;
			buildSettings = {
				ASSETCATALOG_COMPILER_APPICON_NAME = AppIcon;
				CODE_SIGN_STYLE = Automatic;
				DEVELOPMENT_TEAM = BJXMR5U38C;
				INFOPLIST_FILE = NoBus/Info.plist;
				LD_RUNPATH_SEARCH_PATHS = (
					"$(inherited)",
					"@executable_path/Frameworks",
				);
				PRODUCT_BUNDLE_IDENTIFIER = me.leavez.NoBus;
				PRODUCT_NAME = "$(TARGET_NAME)";
				SWIFT_VERSION = 4.2;
				TARGETED_DEVICE_FAMILY = "1,2";
			};
			name = Release;
		};
		3E49916D2180C59100BFFBCB /* Debug */ = {
			isa = XCBuildConfiguration;
			baseConfigurationReference = E3CE97F6CA4FBE8F7F197D27 /* Pods-NoBusTests.debug.xcconfig */;
			buildSettings = {
				ALWAYS_EMBED_SWIFT_STANDARD_LIBRARIES = YES;
				BUNDLE_LOADER = "$(TEST_HOST)";
				CODE_SIGN_STYLE = Automatic;
				DEVELOPMENT_TEAM = BJXMR5U38C;
				INFOPLIST_FILE = NoBusTests/Info.plist;
				LD_RUNPATH_SEARCH_PATHS = (
					"$(inherited)",
					"@executable_path/Frameworks",
					"@loader_path/Frameworks",
				);
				PRODUCT_BUNDLE_IDENTIFIER = me.leavez.NoBusTests;
				PRODUCT_NAME = "$(TARGET_NAME)";
				SWIFT_VERSION = 4.2;
				TARGETED_DEVICE_FAMILY = "1,2";
				TEST_HOST = "$(BUILT_PRODUCTS_DIR)/NoBus.app/NoBus";
			};
			name = Debug;
		};
		3E49916E2180C59100BFFBCB /* Release */ = {
			isa = XCBuildConfiguration;
			baseConfigurationReference = 50C3B2BAE3D04E92D819D8A1 /* Pods-NoBusTests.release.xcconfig */;
			buildSettings = {
				ALWAYS_EMBED_SWIFT_STANDARD_LIBRARIES = YES;
				BUNDLE_LOADER = "$(TEST_HOST)";
				CODE_SIGN_STYLE = Automatic;
				DEVELOPMENT_TEAM = BJXMR5U38C;
				INFOPLIST_FILE = NoBusTests/Info.plist;
				LD_RUNPATH_SEARCH_PATHS = (
					"$(inherited)",
					"@executable_path/Frameworks",
					"@loader_path/Frameworks",
				);
				PRODUCT_BUNDLE_IDENTIFIER = me.leavez.NoBusTests;
				PRODUCT_NAME = "$(TARGET_NAME)";
				SWIFT_VERSION = 4.2;
				TARGETED_DEVICE_FAMILY = "1,2";
				TEST_HOST = "$(BUILT_PRODUCTS_DIR)/NoBus.app/NoBus";
			};
			name = Release;
		};
/* End XCBuildConfiguration section */

/* Begin XCConfigurationList section */
		3E4991472180C58F00BFFBCB /* Build configuration list for PBXProject "NoBus" */ = {
			isa = XCConfigurationList;
			buildConfigurations = (
				3E4991672180C59100BFFBCB /* Debug */,
				3E4991682180C59100BFFBCB /* Release */,
			);
			defaultConfigurationIsVisible = 0;
			defaultConfigurationName = Release;
		};
		3E4991692180C59100BFFBCB /* Build configuration list for PBXNativeTarget "NoBus" */ = {
			isa = XCConfigurationList;
			buildConfigurations = (
				3E49916A2180C59100BFFBCB /* Debug */,
				3E49916B2180C59100BFFBCB /* Release */,
			);
			defaultConfigurationIsVisible = 0;
			defaultConfigurationName = Release;
		};
		3E49916C2180C59100BFFBCB /* Build configuration list for PBXNativeTarget "NoBusTests" */ = {
			isa = XCConfigurationList;
			buildConfigurations = (
				3E49916D2180C59100BFFBCB /* Debug */,
				3E49916E2180C59100BFFBCB /* Release */,
			);
			defaultConfigurationIsVisible = 0;
			defaultConfigurationName = Release;
		};
/* End XCConfigurationList section */
	};
	rootObject = 3E4991442180C58F00BFFBCB /* Project object */;
}
